
Microsoft Visual Studio Solution File, Format Version 12.00
# Visual Studio Version 17
VisualStudioVersion = 17.0.32112.339
MinimumVisualStudioVersion = 10.0.40219.1
Project("{FAE04EC0-301F-11D3-BF4B-00C04F79EFBC}") = "PCRD_KR_ArenaSim", "PCRD_KR_ArenaSim_WPF\PCRD_KR_ArenaSim.csproj", "{2079130B-D65C-4D33-8254-B4180EF51B3E}"
EndProject
Project("{FAE04EC0-301F-11D3-BF4B-00C04F79EFBC}") = "CSharpCodeGenerator", "CSharpCodeGenerator\CSharpCodeGenerator.csproj", "{C1D17864-D962-4A0F-BB57-4A98315B619D}"
EndProject
Project("{FAE04EC0-301F-11D3-BF4B-00C04F79EFBC}") = "NameConversion", "NameConversion\NameConversion.csproj", "{F9F83026-6D77-456D-8C68-6CC50FFF8589}"
EndProject
Global
	GlobalSection(SolutionConfigurationPlatforms) = preSolution
		Debug|Any CPU = Debug|Any CPU
		Debug|x64 = Debug|x64
		Release|Any CPU = Release|Any CPU
		Release|x64 = Release|x64
	EndGlobalSection
	GlobalSection(ProjectConfigurationPlatforms) = postSolution
		{2079130B-D65C-4D33-8254-B4180EF51B3E}.Debug|Any CPU.ActiveCfg = Debug|Any CPU
		{2079130B-D65C-4D33-8254-B4180EF51B3E}.Debug|Any CPU.Build.0 = Debug|Any CPU
		{2079130B-D65C-4D33-8254-B4180EF51B3E}.Debug|x64.ActiveCfg = Debug|x64
		{2079130B-D65C-4D33-8254-B4180EF51B3E}.Debug|x64.Build.0 = Debug|x64
		{2079130B-D65C-4D33-8254-B4180EF51B3E}.Release|Any CPU.ActiveCfg = Release|Any CPU
		{2079130B-D65C-4D33-8254-B4180EF51B3E}.Release|Any CPU.Build.0 = Release|Any CPU
		{2079130B-D65C-4D33-8254-B4180EF51B3E}.Release|x64.ActiveCfg = Release|x64
		{2079130B-D65C-4D33-8254-B4180EF51B3E}.Release|x64.Build.0 = Release|x64
		{C1D17864-D962-4A0F-BB57-4A98315B619D}.Debug|Any CPU.ActiveCfg = Debug|Any CPU
		{C1D17864-D962-4A0F-BB57-4A98315B619D}.Debug|Any CPU.Build.0 = Debug|Any CPU
		{C1D17864-D962-4A0F-BB57-4A98315B619D}.Debug|x64.ActiveCfg = Debug|Any CPU
		{C1D17864-D962-4A0F-BB57-4A98315B619D}.Debug|x64.Build.0 = Debug|Any CPU
		{C1D17864-D962-4A0F-BB57-4A98315B619D}.Release|Any CPU.ActiveCfg = Release|Any CPU
		{C1D17864-D962-4A0F-BB57-4A98315B619D}.Release|Any CPU.Build.0 = Release|Any CPU
		{C1D17864-D962-4A0F-BB57-4A98315B619D}.Release|x64.ActiveCfg = Release|Any CPU
		{C1D17864-D962-4A0F-BB57-4A98315B619D}.Release|x64.Build.0 = Release|Any CPU
		{F9F83026-6D77-456D-8C68-6CC50FFF8589}.Debug|Any CPU.ActiveCfg = Debug|Any CPU
		{F9F83026-6D77-456D-8C68-6CC50FFF8589}.Debug|Any CPU.Build.0 = Debug|Any CPU
		{F9F83026-6D77-456D-8C68-6CC50FFF8589}.Debug|x64.ActiveCfg = Debug|Any CPU
		{F9F83026-6D77-456D-8C68-6CC50FFF8589}.Debug|x64.Build.0 = Debug|Any CPU
		{F9F83026-6D77-456D-8C68-6CC50FFF8589}.Release|Any CPU.ActiveCfg = Release|Any CPU
		{F9F83026-6D77-456D-8C68-6CC50FFF8589}.Release|Any CPU.Build.0 = Release|Any CPU
		{F9F83026-6D77-456D-8C68-6CC50FFF8589}.Release|x64.ActiveCfg = Release|Any CPU
		{F9F83026-6D77-456D-8C68-6CC50FFF8589}.Release|x64.Build.0 = Release|Any CPU
	EndGlobalSection
	GlobalSection(SolutionProperties) = preSolution
		HideSolutionNode = FALSE
	EndGlobalSection
	GlobalSection(ExtensibilityGlobals) = postSolution
		SolutionGuid = {E0E05758-3D1B-42F4-AA9F-EB1EDCBFA610}
	EndGlobalSection
EndGlobal
